
Microsoft Visual Studio Solution File, Format Version 12.00
# Visual Studio 2013
VisualStudioVersion = 12.0.21005.1
MinimumVisualStudioVersion = 10.0.40219.1
Project("{FAE04EC0-301F-11D3-BF4B-00C04F79EFBC}") = "WindowsSleepAssist", "WindowsSleepAssist.csproj", "{7B0D2FE7-0D4B-4720-AE25-62404F3C65BB}"
EndProject
Project("{FAE04EC0-301F-11D3-BF4B-00C04F79EFBC}") = "Model", "..\Model\Model.csproj", "{BC023A54-EE8A-41EB-ADFD-5A67F64CA8BF}"
EndProject
Project("{FAE04EC0-301F-11D3-BF4B-00C04F79EFBC}") = "WindowsSleepAssistService", "..\WindowsSleepAssistService\WindowsSleepAssistService.csproj", "{3B43B33E-7B47-4646-80FB-40B2703A5200}"
EndProject
Project("{FAE04EC0-301F-11D3-BF4B-00C04F79EFBC}") = "WcfInterface", "..\WcfInterface\WcfInterface.csproj", "{66DE1DDF-7CFC-41E6-8D28-3E8CBE265ADF}"
EndProject
Project("{FAE04EC0-301F-11D3-BF4B-00C04F79EFBC}") = "Model.Tests", "..\Model.Tests\Model.Tests.csproj", "{055BA9C0-DA82-4675-A252-4021C569DF2B}"
EndProject
Global
	GlobalSection(SolutionConfigurationPlatforms) = preSolution
		Debug|Any CPU = Debug|Any CPU
		Release|Any CPU = Release|Any CPU
	EndGlobalSection
	GlobalSection(ProjectConfigurationPlatforms) = postSolution
		{7B0D2FE7-0D4B-4720-AE25-62404F3C65BB}.Debug|Any CPU.ActiveCfg = Debug|Any CPU
		{7B0D2FE7-0D4B-4720-AE25-62404F3C65BB}.Debug|Any CPU.Build.0 = Debug|Any CPU
		{7B0D2FE7-0D4B-4720-AE25-62404F3C65BB}.Release|Any CPU.ActiveCfg = Release|Any CPU
		{7B0D2FE7-0D4B-4720-AE25-62404F3C65BB}.Release|Any CPU.Build.0 = Release|Any CPU
		{BC023A54-EE8A-41EB-ADFD-5A67F64CA8BF}.Debug|Any CPU.ActiveCfg = Debug|Any CPU
		{BC023A54-EE8A-41EB-ADFD-5A67F64CA8BF}.Debug|Any CPU.Build.0 = Debug|Any CPU
		{BC023A54-EE8A-41EB-ADFD-5A67F64CA8BF}.Release|Any CPU.ActiveCfg = Release|Any CPU
		{BC023A54-EE8A-41EB-ADFD-5A67F64CA8BF}.Release|Any CPU.Build.0 = Release|Any CPU
		{3B43B33E-7B47-4646-80FB-40B2703A5200}.Debug|Any CPU.ActiveCfg = Debug|Any CPU
		{3B43B33E-7B47-4646-80FB-40B2703A5200}.Debug|Any CPU.Build.0 = Debug|Any CPU
		{3B43B33E-7B47-4646-80FB-40B2703A5200}.Release|Any CPU.ActiveCfg = Release|Any CPU
		{3B43B33E-7B47-4646-80FB-40B2703A5200}.Release|Any CPU.Build.0 = Release|Any CPU
		{66DE1DDF-7CFC-41E6-8D28-3E8CBE265ADF}.Debug|Any CPU.ActiveCfg = Debug|Any CPU
                {66DE1DDF-7CFC-41E6-8D28-3E8CBE265ADF}.Debug|Any CPU.Build.0 = Debug|Any CPU
                {66DE1DDF-7CFC-41E6-8D28-3E8CBE265ADF}.Release|Any CPU.ActiveCfg = Release|Any CPU
                {66DE1DDF-7CFC-41E6-8D28-3E8CBE265ADF}.Release|Any CPU.Build.0 = Release|Any CPU
                {055BA9C0-DA82-4675-A252-4021C569DF2B}.Debug|Any CPU.ActiveCfg = Debug|Any CPU
                {055BA9C0-DA82-4675-A252-4021C569DF2B}.Debug|Any CPU.Build.0 = Debug|Any CPU
                {055BA9C0-DA82-4675-A252-4021C569DF2B}.Release|Any CPU.ActiveCfg = Release|Any CPU
                {055BA9C0-DA82-4675-A252-4021C569DF2B}.Release|Any CPU.Build.0 = Release|Any CPU
        EndGlobalSection
	GlobalSection(SolutionProperties) = preSolution
		HideSolutionNode = FALSE
	EndGlobalSection
EndGlobal
